
Microsoft Visual Studio Solution File, Format Version 12.00
# Visual Studio Version 17
VisualStudioVersion = 17.7.34009.444
MinimumVisualStudioVersion = 10.0.40219.1
Project("{FAE04EC0-301F-11D3-BF4B-00C04F79EFBC}") = "LMS", "LMS\LMS.csproj", "{F46E8E29-143F-4217-B417-8B154C22E8D9}"
EndProject
Global
	GlobalSection(SolutionConfigurationPlatforms) = preSolution
		Debug|Any CPU = Debug|Any CPU
		Release|Any CPU = Release|Any CPU
	EndGlobalSection
	GlobalSection(ProjectConfigurationPlatforms) = postSolution
		{F46E8E29-143F-4217-B417-8B154C22E8D9}.Debug|Any CPU.ActiveCfg = Debug|Any CPU
		{F46E8E29-143F-4217-B417-8B154C22E8D9}.Debug|Any CPU.Build.0 = Debug|Any CPU
		{F46E8E29-143F-4217-B417-8B154C22E8D9}.Release|Any CPU.ActiveCfg = Release|Any CPU
		{F46E8E29-143F-4217-B417-8B154C22E8D9}.Release|Any CPU.Build.0 = Release|Any CPU
	EndGlobalSection
	GlobalSection(SolutionProperties) = preSolution
		HideSolutionNode = FALSE
	EndGlobalSection
	GlobalSection(ExtensibilityGlobals) = postSolution
		SolutionGuid = {A2090C01-94D0-4B02-9F59-F0C5F42345AA}
	EndGlobalSection
EndGlobal
